
Microsoft Visual Studio Solution File, Format Version 12.00
# Visual Studio Version 17
VisualStudioVersion = 17.0.32126.317
MinimumVisualStudioVersion = 10.0.40219.1
Project("{8BC9CEB8-8B4A-11D0-8D11-00A0C91BC942}") = "External Cheat For Every Game", "External Cheat For Every Game\External Cheat For Every Game.vcxproj", "{E21E0442-A376-4D4B-B5A3-E01865AA1044}"
EndProject
Global
	GlobalSection(SolutionConfigurationPlatforms) = preSolution
		Debug|x64 = Debug|x64
		Debug|x86 = Debug|x86
		Release|x64 = Release|x64
		Release|x86 = Release|x86
	EndGlobalSection
	GlobalSection(ProjectConfigurationPlatforms) = postSolution
		{E21E0442-A376-4D4B-B5A3-E01865AA1044}.Debug|x64.ActiveCfg = Debug|x64
		{E21E0442-A376-4D4B-B5A3-E01865AA1044}.Debug|x64.Build.0 = Debug|x64
		{E21E0442-A376-4D4B-B5A3-E01865AA1044}.Debug|x86.ActiveCfg = Debug|Win32
		{E21E0442-A376-4D4B-B5A3-E01865AA1044}.Debug|x86.Build.0 = Debug|Win32
		{E21E0442-A376-4D4B-B5A3-E01865AA1044}.Release|x64.ActiveCfg = Release|x64
		{E21E0442-A376-4D4B-B5A3-E01865AA1044}.Release|x64.Build.0 = Release|x64
		{E21E0442-A376-4D4B-B5A3-E01865AA1044}.Release|x86.ActiveCfg = Release|Win32
		{E21E0442-A376-4D4B-B5A3-E01865AA1044}.Release|x86.Build.0 = Release|Win32
	EndGlobalSection
	GlobalSection(SolutionProperties) = preSolution
		HideSolutionNode = FALSE
	EndGlobalSection
	GlobalSection(ExtensibilityGlobals) = postSolution
		SolutionGuid = {FACA5A32-6DCF-4713-A002-0F5212B7A2B5}
	EndGlobalSection
EndGlobal
